{
  "name": "ButtonBear",
  "lockfileVersion": 3,
  "requires": true,
  "packages": {
    "": {
      "dependencies": {
        "rive-react": "^4.18.2"
      }
    },
    "node_modules/@rive-app/canvas": {
      "version": "2.26.3",
      "resolved": "https://registry.npmjs.org/@rive-app/canvas/-/canvas-2.26.3.tgz",
      "integrity": "sha512-u91nWyqDyTr1Ct3k5P1H+s0vHWP5HmcCFniWJhKeWP0gl/hX5hEQ2dMGrtt4s0WPucMbkZJBuxwMJrRkK6KaEQ=="
    },
    "node_modules/@rive-app/canvas-lite": {
      "version": "2.26.3",
      "resolved": "https://registry.npmjs.org/@rive-app/canvas-lite/-/canvas-lite-2.26.3.tgz",
      "integrity": "sha512-AMwebAOGeXT+/jJrK1VRo5/FvPMQG9Xjxp78TkGF84fSRITwKAuGWM8wMP8i+LI7CphQ4TIMCNKKenulBvCYYQ=="
    },
    "node_modules/@rive-app/webgl": {
      "version": "2.26.3",
      "resolved": "https://registry.npmjs.org/@rive-app/webgl/-/webgl-2.26.3.tgz",
      "integrity": "sha512-dSNLe5XmcFOFZbqtdDTOI9e5XC6ukON4QDvlpzPCAY5HZG9ljXoVxF+rTVfSSO3brO/tWt3tCVcvQvk2kEp8Qw=="
    },
    "node_modules/@rive-app/webgl2": {
      "version": "2.26.3",
      "resolved": "https://registry.npmjs.org/@rive-app/webgl2/-/webgl2-2.26.3.tgz",
      "integrity": "sha512-NfJcr7p45BV1ES5Mdx6aGmjBTgH6rfjYQD6pksvQ9wZIWnXlSN0Gh+HZZE2MJB0pNX65o0GB/AVM7WdvWz0bWw=="
    },
    "node_modules/react": {
      "version": "19.0.0",
      "resolved": "https://registry.npmjs.org/react/-/react-19.0.0.tgz",
      "integrity": "sha512-V8AVnmPIICiWpGfm6GLzCR/W5FXLchHop40W4nXBmdlEceh16rCN8O8LNWm5bh5XUX91fh7KpA+W0TgMKmgTpQ==",
      "peer": true,
      "engines": {
        "node": ">=0.10.0"
      }
    },
    "node_modules/rive-react": {
      "version": "4.18.2",
      "resolved": "https://registry.npmjs.org/rive-react/-/rive-react-4.18.2.tgz",
      "integrity": "sha512-hPWg2NcAK8dWiMUHxyD7IqTqkLy5e8pa/Wwbh4yUn6lFsrDnncs87XGnayzKnVY/8h9FxL5tNQPr2t2IchWZmw==",
      "dependencies": {
        "@rive-app/canvas": "2.26.3",
        "@rive-app/canvas-lite": "2.26.3",
        "@rive-app/webgl": "2.26.3",
        "@rive-app/webgl2": "2.26.3"
      },
      "peerDependencies": {
        "react": "^16.8.0 || ^17.0.0 || ^18.0.0 || ^19.0"
      }
    }
  }
}
